{
  "originHash" : "df28673f060b1e76b3b032e328b23404caef6110628be815e3a44053e02782ca",
  "pins" : [
    {
      "identity" : "swift-tokenizers",
      "kind" : "remoteSourceControl",
      "location" : "https://github.com/DePasqualeOrg/swift-tokenizers.git",
      "state" : {
        "revision" : "e4e01cb59fb77c4753c6db38b4a539d624d44ce3",
        "version" : "0.7.1"
      }
    }
  ],
  "version" : 3
}
