// !$*UTF8*$!
{
	archiveVersion = 1;
	classes = {
	};
	objectVersion = 77;
	objects = {

/* Begin PBXBuildFile section */
		016638ED1AC43647A6934FC1 /* MarkdownRendererTests.swift in Sources */ = {isa = PBXBuildFile; fileRef = B0A25BB6B8A7E870E3E97A4D /* MarkdownRendererTests.swift */; };
		01C2A3CD8E9BB136CDAF8BB5 /* ContextPackingServiceTests.swift in Sources */ = {isa = PBXBuildFile; fileRef = 6FEFAF9E47AA18A1FF1016F7 /* ContextPackingServiceTests.swift */; };
		14E8C0125324205D3377498F /* SemanticChunkerTests.swift in Sources */ = {isa = PBXBuildFile; fileRef = E5B99F6A65F1CB3EB3BF43C8 /* SemanticChunkerTests.swift */; };
		37983FBF60AA94CEFDAA07C0 /* OCRConfigurationTests.swift in Sources */ = {isa = PBXBuildFile; fileRef = 561253C6AB34480A5E236CCE /* OCRConfigurationTests.swift */; };
		3C8FCEE8D3BF95EA3C6FCFBF /* EmbeddingDiagnosticsTests.swift in Sources */ = {isa = PBXBuildFile; fileRef = 401DE0F1FCB2F02281716FBB /* EmbeddingDiagnosticsTests.swift */; };
		4DA40BAA33AA5AE253C88FDB /* ExtractiveQAServiceTests.swift in Sources */ = {isa = PBXBuildFile; fileRef = 112D4194E7F8771E3D5ECB82 /* ExtractiveQAServiceTests.swift */; };
		52E294327B1AA5E95427F443 /* BM25ScorerTests.swift in Sources */ = {isa = PBXBuildFile; fileRef = D24517AF680CC27A1ABB028E /* BM25ScorerTests.swift */; };
		560CE54E9E93FCDB78B66905 /* RAGPipelineTests.swift in Sources */ = {isa = PBXBuildFile; fileRef = 315E628206C61F11E4285C83 /* RAGPipelineTests.swift */; };
		5921AD9FDB3BE04CE9DB9C0E /* StoreKitEntitlementTests.swift in Sources */ = {isa = PBXBuildFile; fileRef = 995EE33832E77D88C39D2487 /* StoreKitEntitlementTests.swift */; };
		5B011C34554358C9EA6E65DB /* QueryEnhancementServiceTests.swift in Sources */ = {isa = PBXBuildFile; fileRef = 9D1D5D1E1E764A2A34F9EC8E /* QueryEnhancementServiceTests.swift */; };
		83DD130723BB698378B71B45 /* Foundation.framework in Frameworks */ = {isa = PBXBuildFile; fileRef = DDFD1600670D479C7075E2C2 /* Foundation.framework */; };
		97D5A786B1DAE902AE71BB38 /* VectorDatabaseTests.swift in Sources */ = {isa = PBXBuildFile; fileRef = 1C21B384B2ECEBD699C01E9F /* VectorDatabaseTests.swift */; };
		985FCDAC04B1ED406B6F792E /* TestDoubles.swift in Sources */ = {isa = PBXBuildFile; fileRef = 95CB9ABB186D55BC343B23D9 /* TestDoubles.swift */; };
		9D9D5FC299266D0E42134C0F /* HybridSearchServiceTests.swift in Sources */ = {isa = PBXBuildFile; fileRef = 443EE56ECCC758AC42A87BB4 /* HybridSearchServiceTests.swift */; };
		B016E7B52F0F5F5F00AABA0C /* Hub in Frameworks */ = {isa = PBXBuildFile; productRef = B016E7B42F0F5F5F00AABA0C /* Hub */; };
		B016E7B72F0F5F5F00AABA0C /* Tokenizers in Frameworks */ = {isa = PBXBuildFile; productRef = B016E7B62F0F5F5F00AABA0C /* Tokenizers */; };
		B016E7B92F0F5F5F00AABA0C /* Transformers in Frameworks */ = {isa = PBXBuildFile; productRef = B016E7B82F0F5F5F00AABA0C /* Transformers */; };
		B8D523C463CD88456AA2EF89 /* VerificationGateServiceTests.swift in Sources */ = {isa = PBXBuildFile; fileRef = A66318F6608185BF0109F0FB /* VerificationGateServiceTests.swift */; };
		D8FD5E900F6090A95688AEBA /* VectorStoreRouterTests.swift in Sources */ = {isa = PBXBuildFile; fileRef = BDD57D68BE1066D9E7187DB1 /* VectorStoreRouterTests.swift */; };
/* End PBXBuildFile section */

/* Begin PBXContainerItemProxy section */
		8D8D45ADEC3A8FACC0A1546A /* PBXContainerItemProxy */ = {
			isa = PBXContainerItemProxy;
			containerPortal = B0D565D62E98AC50001274A2 /* Project object */;
			proxyType = 1;
			remoteGlobalIDString = B0D565DD2E98AC50001274A2;
			remoteInfo = OpenIntelligence;
		};
/* End PBXContainerItemProxy section */

/* Begin PBXFileReference section */
		112D4194E7F8771E3D5ECB82 /* ExtractiveQAServiceTests.swift */ = {isa = PBXFileReference; includeInIndex = 1; lastKnownFileType = sourcecode.swift; path = OpenIntelligenceTests/ExtractiveQAServiceTests.swift; sourceTree = SOURCE_ROOT; };
		1C21B384B2ECEBD699C01E9F /* VectorDatabaseTests.swift */ = {isa = PBXFileReference; includeInIndex = 1; lastKnownFileType = sourcecode.swift; path = OpenIntelligenceTests/VectorDatabaseTests.swift; sourceTree = SOURCE_ROOT; };
		315E628206C61F11E4285C83 /* RAGPipelineTests.swift */ = {isa = PBXFileReference; includeInIndex = 1; lastKnownFileType = sourcecode.swift; path = OpenIntelligenceTests/RAGPipelineTests.swift; sourceTree = SOURCE_ROOT; };
		401DE0F1FCB2F02281716FBB /* EmbeddingDiagnosticsTests.swift */ = {isa = PBXFileReference; includeInIndex = 1; lastKnownFileType = sourcecode.swift; path = OpenIntelligenceTests/EmbeddingDiagnosticsTests.swift; sourceTree = SOURCE_ROOT; };
		443EE56ECCC758AC42A87BB4 /* HybridSearchServiceTests.swift */ = {isa = PBXFileReference; includeInIndex = 1; lastKnownFileType = sourcecode.swift; path = OpenIntelligenceTests/HybridSearchServiceTests.swift; sourceTree = SOURCE_ROOT; };
		561253C6AB34480A5E236CCE /* OCRConfigurationTests.swift */ = {isa = PBXFileReference; includeInIndex = 1; lastKnownFileType = sourcecode.swift; path = OpenIntelligenceTests/OCRConfigurationTests.swift; sourceTree = SOURCE_ROOT; };
		6FEFAF9E47AA18A1FF1016F7 /* ContextPackingServiceTests.swift */ = {isa = PBXFileReference; includeInIndex = 1; lastKnownFileType = sourcecode.swift; path = OpenIntelligenceTests/ContextPackingServiceTests.swift; sourceTree = SOURCE_ROOT; };
		95CB9ABB186D55BC343B23D9 /* TestDoubles.swift */ = {isa = PBXFileReference; includeInIndex = 1; lastKnownFileType = sourcecode.swift; path = OpenIntelligenceTests/TestDoubles.swift; sourceTree = SOURCE_ROOT; };
		995EE33832E77D88C39D2487 /* StoreKitEntitlementTests.swift */ = {isa = PBXFileReference; includeInIndex = 1; lastKnownFileType = sourcecode.swift; path = OpenIntelligenceTests/StoreKitEntitlementTests.swift; sourceTree = SOURCE_ROOT; };
		9D1D5D1E1E764A2A34F9EC8E /* QueryEnhancementServiceTests.swift */ = {isa = PBXFileReference; includeInIndex = 1; lastKnownFileType = sourcecode.swift; path = OpenIntelligenceTests/QueryEnhancementServiceTests.swift; sourceTree = SOURCE_ROOT; };
		A66318F6608185BF0109F0FB /* VerificationGateServiceTests.swift */ = {isa = PBXFileReference; includeInIndex = 1; lastKnownFileType = sourcecode.swift; path = OpenIntelligenceTests/VerificationGateServiceTests.swift; sourceTree = SOURCE_ROOT; };
		AF1C66A44688A7B340182360 /* OpenIntelligenceTests.xctest */ = {isa = PBXFileReference; explicitFileType = wrapper.cfbundle; includeInIndex = 0; path = OpenIntelligenceTests.xctest; sourceTree = BUILT_PRODUCTS_DIR; };
		B0A25BB6B8A7E870E3E97A4D /* MarkdownRendererTests.swift */ = {isa = PBXFileReference; includeInIndex = 1; lastKnownFileType = sourcecode.swift; path = OpenIntelligenceTests/MarkdownRendererTests.swift; sourceTree = SOURCE_ROOT; };
		B0D565DE2E98AC50001274A2 /* OpenIntelligence.app */ = {isa = PBXFileReference; explicitFileType = wrapper.application; includeInIndex = 0; path = OpenIntelligence.app; sourceTree = BUILT_PRODUCTS_DIR; };
		BDD57D68BE1066D9E7187DB1 /* VectorStoreRouterTests.swift */ = {isa = PBXFileReference; includeInIndex = 1; lastKnownFileType = sourcecode.swift; path = OpenIntelligenceTests/VectorStoreRouterTests.swift; sourceTree = SOURCE_ROOT; };
		D24517AF680CC27A1ABB028E /* BM25ScorerTests.swift */ = {isa = PBXFileReference; includeInIndex = 1; lastKnownFileType = sourcecode.swift; path = OpenIntelligenceTests/BM25ScorerTests.swift; sourceTree = SOURCE_ROOT; };
		DDFD1600670D479C7075E2C2 /* Foundation.framework */ = {isa = PBXFileReference; lastKnownFileType = wrapper.framework; name = Foundation.framework; path = Platforms/iPhoneOS.platform/Developer/SDKs/iPhoneOS18.0.sdk/System/Library/Frameworks/Foundation.framework; sourceTree = DEVELOPER_DIR; };
		E5B99F6A65F1CB3EB3BF43C8 /* SemanticChunkerTests.swift */ = {isa = PBXFileReference; includeInIndex = 1; lastKnownFileType = sourcecode.swift; path = OpenIntelligenceTests/SemanticChunkerTests.swift; sourceTree = SOURCE_ROOT; };
/* End PBXFileReference section */

/* Begin PBXFileSystemSynchronizedRootGroup section */
		B0D565E02E98AC50001274A2 /* OpenIntelligence */ = {
			isa = PBXFileSystemSynchronizedRootGroup;
			exceptions = (
			);
			path = OpenIntelligence;
			sourceTree = "<group>";
		};
/* End PBXFileSystemSynchronizedRootGroup section */

/* Begin PBXFrameworksBuildPhase section */
		0DC56E4EF82F88294775D241 /* Frameworks */ = {
			isa = PBXFrameworksBuildPhase;
			buildActionMask = 2147483647;
			files = (
				83DD130723BB698378B71B45 /* Foundation.framework in Frameworks */,
			);
			runOnlyForDeploymentPostprocessing = 0;
		};
		B0D565DB2E98AC50001274A2 /* Frameworks */ = {
			isa = PBXFrameworksBuildPhase;
			buildActionMask = 2147483647;
			files = (
				B016E7B92F0F5F5F00AABA0C /* Transformers in Frameworks */,
				B016E7B72F0F5F5F00AABA0C /* Tokenizers in Frameworks */,
				B016E7B52F0F5F5F00AABA0C /* Hub in Frameworks */,
			);
			runOnlyForDeploymentPostprocessing = 0;
		};
/* End PBXFrameworksBuildPhase section */

/* Begin PBXGroup section */
		17994961EE4C7527D88E9B5B /* OpenIntelligenceTests */ = {
			isa = PBXGroup;
			children = (
				D24517AF680CC27A1ABB028E /* BM25ScorerTests.swift */,
				6FEFAF9E47AA18A1FF1016F7 /* ContextPackingServiceTests.swift */,
				401DE0F1FCB2F02281716FBB /* EmbeddingDiagnosticsTests.swift */,
				112D4194E7F8771E3D5ECB82 /* ExtractiveQAServiceTests.swift */,
				443EE56ECCC758AC42A87BB4 /* HybridSearchServiceTests.swift */,
				B0A25BB6B8A7E870E3E97A4D /* MarkdownRendererTests.swift */,
				561253C6AB34480A5E236CCE /* OCRConfigurationTests.swift */,
				9D1D5D1E1E764A2A34F9EC8E /* QueryEnhancementServiceTests.swift */,
				315E628206C61F11E4285C83 /* RAGPipelineTests.swift */,
				E5B99F6A65F1CB3EB3BF43C8 /* SemanticChunkerTests.swift */,
				995EE33832E77D88C39D2487 /* StoreKitEntitlementTests.swift */,
				95CB9ABB186D55BC343B23D9 /* TestDoubles.swift */,
				1C21B384B2ECEBD699C01E9F /* VectorDatabaseTests.swift */,
				BDD57D68BE1066D9E7187DB1 /* VectorStoreRouterTests.swift */,
				A66318F6608185BF0109F0FB /* VerificationGateServiceTests.swift */,
			);
			name = OpenIntelligenceTests;
			path = OpenIntelligenceTests;
			sourceTree = SOURCE_ROOT;
		};
		B0B991682F0F4BC700BBE97E /* Frameworks */ = {
			isa = PBXGroup;
			children = (
				E36190526DA1ED2ACAD0DA42 /* iOS */,
			);
			name = Frameworks;
			sourceTree = "<group>";
		};
		B0D565D52E98AC50001274A2 = {
			isa = PBXGroup;
			children = (
				B0D565E02E98AC50001274A2 /* OpenIntelligence */,
				B0B991682F0F4BC700BBE97E /* Frameworks */,
				B0D565DF2E98AC50001274A2 /* Products */,
				17994961EE4C7527D88E9B5B /* OpenIntelligenceTests */,
			);
			sourceTree = "<group>";
		};
		B0D565DF2E98AC50001274A2 /* Products */ = {
			isa = PBXGroup;
			children = (
				B0D565DE2E98AC50001274A2 /* OpenIntelligence.app */,
				AF1C66A44688A7B340182360 /* OpenIntelligenceTests.xctest */,
			);
			name = Products;
			sourceTree = "<group>";
		};
		E36190526DA1ED2ACAD0DA42 /* iOS */ = {
			isa = PBXGroup;
			children = (
				DDFD1600670D479C7075E2C2 /* Foundation.framework */,
			);
			name = iOS;
			sourceTree = "<group>";
		};
/* End PBXGroup section */

/* Begin PBXNativeTarget section */
		0F3C6530C6DDDDF669D8396B /* OpenIntelligenceTests */ = {
			isa = PBXNativeTarget;
			buildConfigurationList = D6CA55BABB4421C80E023711 /* Build configuration list for PBXNativeTarget "OpenIntelligenceTests" */;
			buildPhases = (
				6FB4BEE880D86874B2120AC7 /* Sources */,
				0DC56E4EF82F88294775D241 /* Frameworks */,
				29833E3824F6652362B1FC83 /* Resources */,
			);
			buildRules = (
			);
			dependencies = (
				86B5D50247B13A6ED0FE80E0 /* PBXTargetDependency */,
			);
			name = OpenIntelligenceTests;
			productName = OpenIntelligenceTests;
			productReference = AF1C66A44688A7B340182360 /* OpenIntelligenceTests.xctest */;
			productType = "com.apple.product-type.bundle.unit-test";
		};
		B0D565DD2E98AC50001274A2 /* OpenIntelligence */ = {
			isa = PBXNativeTarget;
			buildConfigurationList = B0D565E92E98AC51001274A2 /* Build configuration list for PBXNativeTarget "OpenIntelligence" */;
			buildPhases = (
				B0D565DA2E98AC50001274A2 /* Sources */,
				B0D565DB2E98AC50001274A2 /* Frameworks */,
				B0D565DC2E98AC50001274A2 /* Resources */,
			);
			buildRules = (
			);
			dependencies = (
			);
			fileSystemSynchronizedGroups = (
				B0D565E02E98AC50001274A2 /* OpenIntelligence */,
			);
			name = OpenIntelligence;
			packageProductDependencies = (
				B016E7B42F0F5F5F00AABA0C /* Hub */,
				B016E7B62F0F5F5F00AABA0C /* Tokenizers */,
				B016E7B82F0F5F5F00AABA0C /* Transformers */,
			);
			productName = OpenIntelligence;
			productReference = B0D565DE2E98AC50001274A2 /* OpenIntelligence.app */;
			productType = "com.apple.product-type.application";
		};
/* End PBXNativeTarget section */

/* Begin PBXProject section */
		B0D565D62E98AC50001274A2 /* Project object */ = {
			isa = PBXProject;
			attributes = {
				BuildIndependentTargetsInParallel = 1;
				LastSwiftUpdateCheck = 2600;
				LastUpgradeCheck = 2620;
				TargetAttributes = {
					B0D565DD2E98AC50001274A2 = {
						CreatedOnToolsVersion = 26.0;
					};
				};
			};
			buildConfigurationList = B0D565D92E98AC50001274A2 /* Build configuration list for PBXProject "OpenIntelligence" */;
			developmentRegion = en;
			hasScannedForEncodings = 0;
			knownRegions = (
				en,
				Base,
			);
			mainGroup = B0D565D52E98AC50001274A2;
			minimizedProjectReferenceProxies = 1;
			packageReferences = (
				B016E7B32F0F5F5F00AABA0C /* XCLocalSwiftPackageReference "swift-transformers" */,
			);
			preferredProjectObjectVersion = 77;
			productRefGroup = B0D565DF2E98AC50001274A2 /* Products */;
			projectDirPath = "";
			projectRoot = "";
			targets = (
				B0D565DD2E98AC50001274A2 /* OpenIntelligence */,
				0F3C6530C6DDDDF669D8396B /* OpenIntelligenceTests */,
			);
		};
/* End PBXProject section */

/* Begin PBXResourcesBuildPhase section */
		29833E3824F6652362B1FC83 /* Resources */ = {
			isa = PBXResourcesBuildPhase;
			buildActionMask = 2147483647;
			files = (
			);
			runOnlyForDeploymentPostprocessing = 0;
		};
		B0D565DC2E98AC50001274A2 /* Resources */ = {
			isa = PBXResourcesBuildPhase;
			buildActionMask = 2147483647;
			files = (
			);
			runOnlyForDeploymentPostprocessing = 0;
		};
/* End PBXResourcesBuildPhase section */

/* Begin PBXSourcesBuildPhase section */
		6FB4BEE880D86874B2120AC7 /* Sources */ = {
			isa = PBXSourcesBuildPhase;
			buildActionMask = 2147483647;
			files = (
				52E294327B1AA5E95427F443 /* BM25ScorerTests.swift in Sources */,
				01C2A3CD8E9BB136CDAF8BB5 /* ContextPackingServiceTests.swift in Sources */,
				3C8FCEE8D3BF95EA3C6FCFBF /* EmbeddingDiagnosticsTests.swift in Sources */,
				4DA40BAA33AA5AE253C88FDB /* ExtractiveQAServiceTests.swift in Sources */,
				9D9D5FC299266D0E42134C0F /* HybridSearchServiceTests.swift in Sources */,
				016638ED1AC43647A6934FC1 /* MarkdownRendererTests.swift in Sources */,
				37983FBF60AA94CEFDAA07C0 /* OCRConfigurationTests.swift in Sources */,
				5B011C34554358C9EA6E65DB /* QueryEnhancementServiceTests.swift in Sources */,
				560CE54E9E93FCDB78B66905 /* RAGPipelineTests.swift in Sources */,
				14E8C0125324205D3377498F /* SemanticChunkerTests.swift in Sources */,
				5921AD9FDB3BE04CE9DB9C0E /* StoreKitEntitlementTests.swift in Sources */,
				985FCDAC04B1ED406B6F792E /* TestDoubles.swift in Sources */,
				97D5A786B1DAE902AE71BB38 /* VectorDatabaseTests.swift in Sources */,
				D8FD5E900F6090A95688AEBA /* VectorStoreRouterTests.swift in Sources */,
				B8D523C463CD88456AA2EF89 /* VerificationGateServiceTests.swift in Sources */,
			);
			runOnlyForDeploymentPostprocessing = 0;
		};
		B0D565DA2E98AC50001274A2 /* Sources */ = {
			isa = PBXSourcesBuildPhase;
			buildActionMask = 2147483647;
			files = (
			);
			runOnlyForDeploymentPostprocessing = 0;
		};
/* End PBXSourcesBuildPhase section */

/* Begin PBXTargetDependency section */
		86B5D50247B13A6ED0FE80E0 /* PBXTargetDependency */ = {
			isa = PBXTargetDependency;
			name = OpenIntelligence;
			target = B0D565DD2E98AC50001274A2 /* OpenIntelligence */;
			targetProxy = 8D8D45ADEC3A8FACC0A1546A /* PBXContainerItemProxy */;
		};
/* End PBXTargetDependency section */

/* Begin XCBuildConfiguration section */
		6AB4EB15D0C807FC1FF50FD8 /* Release */ = {
			isa = XCBuildConfiguration;
			buildSettings = {
				BUNDLE_LOADER = "$(TEST_HOST)";
				CLANG_ENABLE_OBJC_WEAK = NO;
				CODE_SIGN_STYLE = Automatic;
				CURRENT_PROJECT_VERSION = 1;
				DEVELOPMENT_TEAM = Z3E334EXZD;
				GENERATE_INFOPLIST_FILE = YES;
				IPHONEOS_DEPLOYMENT_TARGET = 26.0;
				MARKETING_VERSION = 1.0;
				PRODUCT_BUNDLE_IDENTIFIER = Gunndamental.OpenIntelligence.tests;
				SDKROOT = iphoneos;
				SWIFT_EMIT_LOC_STRINGS = NO;
				SWIFT_VERSION = 6.0;
				TARGETED_DEVICE_FAMILY = "1,2";
				TEST_HOST = "$(BUILT_PRODUCTS_DIR)/OpenIntelligence.app/$(BUNDLE_EXECUTABLE_FOLDER_PATH)/OpenIntelligence";
				VALIDATE_PRODUCT = YES;
			};
			name = Release;
		};
		B0D565E72E98AC51001274A2 /* Debug */ = {
			isa = XCBuildConfiguration;
			buildSettings = {
				ALWAYS_SEARCH_USER_PATHS = NO;
				ASSETCATALOG_COMPILER_GENERATE_SWIFT_ASSET_SYMBOL_EXTENSIONS = YES;
				CLANG_ANALYZER_NONNULL = YES;
				CLANG_ANALYZER_NUMBER_OBJECT_CONVERSION = YES_AGGRESSIVE;
				CLANG_CXX_LANGUAGE_STANDARD = "gnu++20";
				CLANG_ENABLE_MODULES = YES;
				CLANG_ENABLE_OBJC_ARC = YES;
				CLANG_ENABLE_OBJC_WEAK = YES;
				CLANG_WARN_BLOCK_CAPTURE_AUTORELEASING = YES;
				CLANG_WARN_BOOL_CONVERSION = YES;
				CLANG_WARN_COMMA = YES;
				CLANG_WARN_CONSTANT_CONVERSION = YES;
				CLANG_WARN_DEPRECATED_OBJC_IMPLEMENTATIONS = YES;
				CLANG_WARN_DIRECT_OBJC_ISA_USAGE = YES_ERROR;
				CLANG_WARN_DOCUMENTATION_COMMENTS = YES;
				CLANG_WARN_EMPTY_BODY = YES;
				CLANG_WARN_ENUM_CONVERSION = YES;
				CLANG_WARN_INFINITE_RECURSION = YES;
				CLANG_WARN_INT_CONVERSION = YES;
				CLANG_WARN_NON_LITERAL_NULL_CONVERSION = YES;
				CLANG_WARN_OBJC_IMPLICIT_RETAIN_SELF = YES;
				CLANG_WARN_OBJC_LITERAL_CONVERSION = YES;
				CLANG_WARN_OBJC_ROOT_CLASS = YES_ERROR;
				CLANG_WARN_QUOTED_INCLUDE_IN_FRAMEWORK_HEADER = YES;
				CLANG_WARN_RANGE_LOOP_ANALYSIS = YES;
				CLANG_WARN_STRICT_PROTOTYPES = YES;
				CLANG_WARN_SUSPICIOUS_MOVE = YES;
				CLANG_WARN_UNGUARDED_AVAILABILITY = YES_AGGRESSIVE;
				CLANG_WARN_UNREACHABLE_CODE = YES;
				CLANG_WARN__DUPLICATE_METHOD_MATCH = YES;
				COPY_PHASE_STRIP = NO;
				DEAD_CODE_STRIPPING = YES;
				DEBUG_INFORMATION_FORMAT = dwarf;
				DEVELOPMENT_TEAM = Z3E334EXZD;
				ENABLE_STRICT_OBJC_MSGSEND = YES;
				ENABLE_TESTABILITY = YES;
				ENABLE_USER_SCRIPT_SANDBOXING = YES;
				GCC_C_LANGUAGE_STANDARD = gnu17;
				GCC_DYNAMIC_NO_PIC = NO;
				GCC_NO_COMMON_BLOCKS = YES;
				GCC_OPTIMIZATION_LEVEL = 0;
				GCC_PREPROCESSOR_DEFINITIONS = (
					"DEBUG=1",
					"$(inherited)",
				);
				GCC_WARN_64_TO_32_BIT_CONVERSION = YES;
				GCC_WARN_ABOUT_RETURN_TYPE = YES_ERROR;
				GCC_WARN_UNDECLARED_SELECTOR = YES;
				GCC_WARN_UNINITIALIZED_AUTOS = YES_AGGRESSIVE;
				GCC_WARN_UNUSED_FUNCTION = YES;
				GCC_WARN_UNUSED_VARIABLE = YES;
				LOCALIZATION_PREFERS_STRING_CATALOGS = YES;
				MTL_ENABLE_DEBUG_INFO = INCLUDE_SOURCE;
				MTL_FAST_MATH = YES;
				ONLY_ACTIVE_ARCH = YES;
				STRING_CATALOG_GENERATE_SYMBOLS = YES;
				SWIFT_ACTIVE_COMPILATION_CONDITIONS = "DEBUG $(inherited)";
				SWIFT_OPTIMIZATION_LEVEL = "-Onone";
			};
			name = Debug;
		};
		B0D565E82E98AC51001274A2 /* Release */ = {
			isa = XCBuildConfiguration;
			buildSettings = {
				ALWAYS_SEARCH_USER_PATHS = NO;
				ASSETCATALOG_COMPILER_GENERATE_SWIFT_ASSET_SYMBOL_EXTENSIONS = YES;
				CLANG_ANALYZER_NONNULL = YES;
				CLANG_ANALYZER_NUMBER_OBJECT_CONVERSION = YES_AGGRESSIVE;
				CLANG_CXX_LANGUAGE_STANDARD = "gnu++20";
				CLANG_ENABLE_MODULES = YES;
				CLANG_ENABLE_OBJC_ARC = YES;
				CLANG_ENABLE_OBJC_WEAK = YES;
				CLANG_WARN_BLOCK_CAPTURE_AUTORELEASING = YES;
				CLANG_WARN_BOOL_CONVERSION = YES;
				CLANG_WARN_COMMA = YES;
				CLANG_WARN_CONSTANT_CONVERSION = YES;
				CLANG_WARN_DEPRECATED_OBJC_IMPLEMENTATIONS = YES;
				CLANG_WARN_DIRECT_OBJC_ISA_USAGE = YES_ERROR;
				CLANG_WARN_DOCUMENTATION_COMMENTS = YES;
				CLANG_WARN_EMPTY_BODY = YES;
				CLANG_WARN_ENUM_CONVERSION = YES;
				CLANG_WARN_INFINITE_RECURSION = YES;
				CLANG_WARN_INT_CONVERSION = YES;
				CLANG_WARN_NON_LITERAL_NULL_CONVERSION = YES;
				CLANG_WARN_OBJC_IMPLICIT_RETAIN_SELF = YES;
				CLANG_WARN_OBJC_LITERAL_CONVERSION = YES;
				CLANG_WARN_OBJC_ROOT_CLASS = YES_ERROR;
				CLANG_WARN_QUOTED_INCLUDE_IN_FRAMEWORK_HEADER = YES;
				CLANG_WARN_RANGE_LOOP_ANALYSIS = YES;
				CLANG_WARN_STRICT_PROTOTYPES = YES;
				CLANG_WARN_SUSPICIOUS_MOVE = YES;
				CLANG_WARN_UNGUARDED_AVAILABILITY = YES_AGGRESSIVE;
				CLANG_WARN_UNREACHABLE_CODE = YES;
				CLANG_WARN__DUPLICATE_METHOD_MATCH = YES;
				COPY_PHASE_STRIP = NO;
				DEAD_CODE_STRIPPING = YES;
				DEBUG_INFORMATION_FORMAT = "dwarf-with-dsym";
				DEVELOPMENT_TEAM = Z3E334EXZD;
				ENABLE_NS_ASSERTIONS = NO;
				ENABLE_STRICT_OBJC_MSGSEND = YES;
				ENABLE_USER_SCRIPT_SANDBOXING = YES;
				GCC_C_LANGUAGE_STANDARD = gnu17;
				GCC_NO_COMMON_BLOCKS = YES;
				GCC_WARN_64_TO_32_BIT_CONVERSION = YES;
				GCC_WARN_ABOUT_RETURN_TYPE = YES_ERROR;
				GCC_WARN_UNDECLARED_SELECTOR = YES;
				GCC_WARN_UNINITIALIZED_AUTOS = YES_AGGRESSIVE;
				GCC_WARN_UNUSED_FUNCTION = YES;
				GCC_WARN_UNUSED_VARIABLE = YES;
				LOCALIZATION_PREFERS_STRING_CATALOGS = YES;
				MTL_ENABLE_DEBUG_INFO = NO;
				MTL_FAST_MATH = YES;
				STRING_CATALOG_GENERATE_SYMBOLS = YES;
				SWIFT_COMPILATION_MODE = wholemodule;
			};
			name = Release;
		};
		B0D565EA2E98AC51001274A2 /* Debug */ = {
			isa = XCBuildConfiguration;
			buildSettings = {
				ASSETCATALOG_COMPILER_APPICON_NAME = AppIcon;
				ASSETCATALOG_COMPILER_GLOBAL_ACCENT_COLOR_NAME = AccentColor;
				CODE_SIGN_STYLE = Automatic;
				CURRENT_PROJECT_VERSION = 19;
				DEVELOPMENT_TEAM = Z3E334EXZD;
				ENABLE_APP_SANDBOX = YES;
				ENABLE_HARDENED_RUNTIME = YES;
				ENABLE_PREVIEWS = YES;
				ENABLE_USER_SELECTED_FILES = readonly;
				GENERATE_INFOPLIST_FILE = YES;
				INFOPLIST_FILE = Info.plist;
				INFOPLIST_KEY_CFBundleDisplayName = OpenIntelligence;
				INFOPLIST_KEY_CFBundleName = OpenIntelligence;
				INFOPLIST_KEY_ITSAppUsesNonExemptEncryption = NO;
				INFOPLIST_KEY_LSApplicationCategoryType = "public.app-category.productivity";
				INFOPLIST_KEY_NSCameraUsageDescription = "Take photos of documents or whiteboards for OCR and semantic search.";
				INFOPLIST_KEY_NSMicrophoneUsageDescription = "Record voice queries or dictate text for hands-free document search.";
				INFOPLIST_KEY_NSPhotoLibraryUsageDescription = "Select images from your library to extract text and add to your knowledge base.";
				INFOPLIST_KEY_NSSpeechRecognitionUsageDescription = "Transcribe audio and video files you import to add their content to your knowledge base.";
				"INFOPLIST_KEY_UIApplicationSceneManifest_Generation[sdk=iphoneos*]" = YES;
				"INFOPLIST_KEY_UIApplicationSceneManifest_Generation[sdk=iphonesimulator*]" = YES;
				"INFOPLIST_KEY_UIApplicationSupportsIndirectInputEvents[sdk=iphoneos*]" = YES;
				"INFOPLIST_KEY_UIApplicationSupportsIndirectInputEvents[sdk=iphonesimulator*]" = YES;
				INFOPLIST_KEY_UIBackgroundModes = "fetch processing";
				"INFOPLIST_KEY_UILaunchScreen_Generation[sdk=iphoneos*]" = YES;
				"INFOPLIST_KEY_UILaunchScreen_Generation[sdk=iphonesimulator*]" = YES;
				"INFOPLIST_KEY_UIStatusBarStyle[sdk=iphoneos*]" = UIStatusBarStyleDefault;
				"INFOPLIST_KEY_UIStatusBarStyle[sdk=iphonesimulator*]" = UIStatusBarStyleDefault;
				INFOPLIST_KEY_UISupportedInterfaceOrientations_iPad = "UIInterfaceOrientationPortrait UIInterfaceOrientationPortraitUpsideDown UIInterfaceOrientationLandscapeLeft UIInterfaceOrientationLandscapeRight";
				INFOPLIST_KEY_UISupportedInterfaceOrientations_iPhone = "UIInterfaceOrientationPortrait UIInterfaceOrientationLandscapeLeft UIInterfaceOrientationLandscapeRight";
				IPHONEOS_DEPLOYMENT_TARGET = 26.0;
				LD_RUNPATH_SEARCH_PATHS = "@executable_path/Frameworks";
				"LD_RUNPATH_SEARCH_PATHS[sdk=macosx*]" = "@executable_path/../Frameworks";
				MACOSX_DEPLOYMENT_TARGET = 26.0;
				MARKETING_VERSION = 2;
				PRODUCT_BUNDLE_IDENTIFIER = Gunndamental.OpenIntelligence;
				PRODUCT_NAME = "$(TARGET_NAME)";
				REGISTER_APP_GROUPS = YES;
				SDKROOT = iphoneos;
				STRING_CATALOG_GENERATE_SYMBOLS = YES;
				SUPPORTED_PLATFORMS = "iphoneos iphonesimulator";
				SUPPORTS_MACCATALYST = NO;
				SUPPORTS_XR_DESIGNED_FOR_IPHONE_IPAD = NO;
				SWIFT_APPROACHABLE_CONCURRENCY = YES;
				SWIFT_DEFAULT_ACTOR_ISOLATION = MainActor;
				SWIFT_EMIT_LOC_STRINGS = YES;
				SWIFT_OBJC_INTEROP_MODE = objcxx;
				SWIFT_UPCOMING_FEATURE_MEMBER_IMPORT_VISIBILITY = YES;
				SWIFT_VERSION = 5.0;
				TARGETED_DEVICE_FAMILY = "1,2,7";
				XROS_DEPLOYMENT_TARGET = 26.0;
			};
			name = Debug;
		};
		B0D565EB2E98AC51001274A2 /* Release */ = {
			isa = XCBuildConfiguration;
			buildSettings = {
				ASSETCATALOG_COMPILER_APPICON_NAME = AppIcon;
				ASSETCATALOG_COMPILER_GLOBAL_ACCENT_COLOR_NAME = AccentColor;
				CODE_SIGN_STYLE = Automatic;
				CURRENT_PROJECT_VERSION = 19;
				DEVELOPMENT_TEAM = Z3E334EXZD;
				ENABLE_APP_SANDBOX = YES;
				ENABLE_HARDENED_RUNTIME = YES;
				ENABLE_PREVIEWS = YES;
				ENABLE_USER_SELECTED_FILES = readonly;
				GENERATE_INFOPLIST_FILE = YES;
				INFOPLIST_FILE = Info.plist;
				INFOPLIST_KEY_ITSAppUsesNonExemptEncryption = NO;
				INFOPLIST_KEY_LSApplicationCategoryType = "public.app-category.productivity";
				INFOPLIST_KEY_NSCameraUsageDescription = "Take photos of documents or whiteboards for OCR and semantic search.";
				INFOPLIST_KEY_NSMicrophoneUsageDescription = "Record voice queries or dictate text for hands-free document search.";
				INFOPLIST_KEY_NSPhotoLibraryUsageDescription = "Select images from your library to extract text and add to your knowledge base.";
				INFOPLIST_KEY_NSSpeechRecognitionUsageDescription = "Transcribe audio and video files you import to add their content to your knowledge base.";
				"INFOPLIST_KEY_UIApplicationSceneManifest_Generation[sdk=iphoneos*]" = YES;
				"INFOPLIST_KEY_UIApplicationSceneManifest_Generation[sdk=iphonesimulator*]" = YES;
				"INFOPLIST_KEY_UIApplicationSupportsIndirectInputEvents[sdk=iphoneos*]" = YES;
				"INFOPLIST_KEY_UIApplicationSupportsIndirectInputEvents[sdk=iphonesimulator*]" = YES;
				INFOPLIST_KEY_UIBackgroundModes = "fetch processing";
				"INFOPLIST_KEY_UILaunchScreen_Generation[sdk=iphoneos*]" = YES;
				"INFOPLIST_KEY_UILaunchScreen_Generation[sdk=iphonesimulator*]" = YES;
				"INFOPLIST_KEY_UIStatusBarStyle[sdk=iphoneos*]" = UIStatusBarStyleDefault;
				"INFOPLIST_KEY_UIStatusBarStyle[sdk=iphonesimulator*]" = UIStatusBarStyleDefault;
				INFOPLIST_KEY_UISupportedInterfaceOrientations_iPad = "UIInterfaceOrientationPortrait UIInterfaceOrientationPortraitUpsideDown UIInterfaceOrientationLandscapeLeft UIInterfaceOrientationLandscapeRight";
				INFOPLIST_KEY_UISupportedInterfaceOrientations_iPhone = "UIInterfaceOrientationPortrait UIInterfaceOrientationLandscapeLeft UIInterfaceOrientationLandscapeRight";
				IPHONEOS_DEPLOYMENT_TARGET = 26.0;
				LD_RUNPATH_SEARCH_PATHS = "@executable_path/Frameworks";
				"LD_RUNPATH_SEARCH_PATHS[sdk=macosx*]" = "@executable_path/../Frameworks";
				MACOSX_DEPLOYMENT_TARGET = 26.0;
				MARKETING_VERSION = 2;
				PRODUCT_BUNDLE_IDENTIFIER = Gunndamental.OpenIntelligence;
				PRODUCT_NAME = "$(TARGET_NAME)";
				REGISTER_APP_GROUPS = YES;
				SDKROOT = iphoneos;
				STRING_CATALOG_GENERATE_SYMBOLS = YES;
				SUPPORTED_PLATFORMS = "iphoneos iphonesimulator";
				SUPPORTS_MACCATALYST = NO;
				SUPPORTS_XR_DESIGNED_FOR_IPHONE_IPAD = NO;
				SWIFT_APPROACHABLE_CONCURRENCY = YES;
				SWIFT_DEFAULT_ACTOR_ISOLATION = MainActor;
				SWIFT_EMIT_LOC_STRINGS = YES;
				SWIFT_OBJC_INTEROP_MODE = objcxx;
				SWIFT_UPCOMING_FEATURE_MEMBER_IMPORT_VISIBILITY = YES;
				SWIFT_VERSION = 5.0;
				TARGETED_DEVICE_FAMILY = "1,2,7";
				XROS_DEPLOYMENT_TARGET = 26.0;
			};
			name = Release;
		};
		F56921109921F3B8D6037496 /* Debug */ = {
			isa = XCBuildConfiguration;
			buildSettings = {
				BUNDLE_LOADER = "$(TEST_HOST)";
				CLANG_ENABLE_OBJC_WEAK = NO;
				CODE_SIGN_STYLE = Automatic;
				CURRENT_PROJECT_VERSION = 1;
				DEVELOPMENT_TEAM = Z3E334EXZD;
				GENERATE_INFOPLIST_FILE = YES;
				IPHONEOS_DEPLOYMENT_TARGET = 26.0;
				MARKETING_VERSION = 1.0;
				PRODUCT_BUNDLE_IDENTIFIER = Gunndamental.OpenIntelligence.tests;
				SDKROOT = iphoneos;
				SWIFT_EMIT_LOC_STRINGS = NO;
				SWIFT_VERSION = 6.0;
				TARGETED_DEVICE_FAMILY = "1,2";
				TEST_HOST = "$(BUILT_PRODUCTS_DIR)/OpenIntelligence.app/$(BUNDLE_EXECUTABLE_FOLDER_PATH)/OpenIntelligence";
			};
			name = Debug;
		};
/* End XCBuildConfiguration section */

/* Begin XCConfigurationList section */
		B0D565D92E98AC50001274A2 /* Build configuration list for PBXProject "OpenIntelligence" */ = {
			isa = XCConfigurationList;
			buildConfigurations = (
				B0D565E72E98AC51001274A2 /* Debug */,
				B0D565E82E98AC51001274A2 /* Release */,
			);
			defaultConfigurationIsVisible = 0;
			defaultConfigurationName = Release;
		};
		B0D565E92E98AC51001274A2 /* Build configuration list for PBXNativeTarget "OpenIntelligence" */ = {
			isa = XCConfigurationList;
			buildConfigurations = (
				B0D565EA2E98AC51001274A2 /* Debug */,
				B0D565EB2E98AC51001274A2 /* Release */,
			);
			defaultConfigurationIsVisible = 0;
			defaultConfigurationName = Release;
		};
		D6CA55BABB4421C80E023711 /* Build configuration list for PBXNativeTarget "OpenIntelligenceTests" */ = {
			isa = XCConfigurationList;
			buildConfigurations = (
				6AB4EB15D0C807FC1FF50FD8 /* Release */,
				F56921109921F3B8D6037496 /* Debug */,
			);
			defaultConfigurationIsVisible = 0;
			defaultConfigurationName = Release;
		};
/* End XCConfigurationList section */

/* Begin XCLocalSwiftPackageReference section */
		B016E7B32F0F5F5F00AABA0C /* XCLocalSwiftPackageReference "swift-transformers" */ = {
			isa = XCLocalSwiftPackageReference;
			relativePath = "OpenIntelligence/swift-transformers";
		};
/* End XCLocalSwiftPackageReference section */

/* Begin XCSwiftPackageProductDependency section */
		B016E7B42F0F5F5F00AABA0C /* Hub */ = {
			isa = XCSwiftPackageProductDependency;
			productName = Hub;
		};
		B016E7B62F0F5F5F00AABA0C /* Tokenizers */ = {
			isa = XCSwiftPackageProductDependency;
			productName = Tokenizers;
		};
		B016E7B82F0F5F5F00AABA0C /* Transformers */ = {
			isa = XCSwiftPackageProductDependency;
			productName = Transformers;
		};
/* End XCSwiftPackageProductDependency section */
	};
	rootObject = B0D565D62E98AC50001274A2 /* Project object */;
}
