// !$*UTF8*$!
{
	archiveVersion = 1;
	classes = {
	};
	objectVersion = 77;
	objects = {

/* Begin PBXBuildFile section */
		190A3C07DE336FE8CEE41C3A /* SourceSDKHostApp.swift in Sources */ = {isa = PBXBuildFile; fileRef = 5DC548A3B96B7B1795409995 /* SourceSDKHostApp.swift */; };
		5CCC3A5346F8B131A6D29450 /* ContentView.swift in Sources */ = {isa = PBXBuildFile; fileRef = E417846778C04ED7969809FE /* ContentView.swift */; };
		6604EE27482BAF1473A3EFCF /* OpenIntelligenceEngine in Frameworks */ = {isa = PBXBuildFile; productRef = 70F298F9F21BDDBBC05931B2 /* OpenIntelligenceEngine */; };
		8ADAD8DC6631D152288F4D50 /* OpenIntelligenceEngine in Frameworks */ = {isa = PBXBuildFile; productRef = 711ABB390C48DE7A5B479C2C /* OpenIntelligenceEngine */; };
		B8C548607C3A6DBDDECF10BC /* DemoAssets in Resources */ = {isa = PBXBuildFile; fileRef = 0BD3D54A79DB4B4B259097D4 /* DemoAssets */; };
		EE1CF3053119E55F4B2987BC /* SourceSDKSmokeTests.swift in Sources */ = {isa = PBXBuildFile; fileRef = 2B80EC8444BF7B4D8BBB7624 /* SourceSDKSmokeTests.swift */; };
/* End PBXBuildFile section */

/* Begin PBXContainerItemProxy section */
		E3E87BA7B11522E4571B20DF /* PBXContainerItemProxy */ = {
			isa = PBXContainerItemProxy;
			containerPortal = CE7DC2F6EDFD64501EF18C63 /* Project object */;
			proxyType = 1;
			remoteGlobalIDString = EB4791C14CC29C29851997CF;
			remoteInfo = SourceSDKHost;
		};
/* End PBXContainerItemProxy section */

/* Begin PBXFileReference section */
		0BD3D54A79DB4B4B259097D4 /* DemoAssets */ = {isa = PBXFileReference; lastKnownFileType = folder; name = DemoAssets; path = SourceSDKHost/DemoAssets; sourceTree = SOURCE_ROOT; };
		293AD799F67DD9FE67115D76 /* SourceSDKHost.app */ = {isa = PBXFileReference; includeInIndex = 0; lastKnownFileType = wrapper.application; path = SourceSDKHost.app; sourceTree = BUILT_PRODUCTS_DIR; };
		2B80EC8444BF7B4D8BBB7624 /* SourceSDKSmokeTests.swift */ = {isa = PBXFileReference; lastKnownFileType = sourcecode.swift; path = SourceSDKSmokeTests.swift; sourceTree = "<group>"; };
		5DC548A3B96B7B1795409995 /* SourceSDKHostApp.swift */ = {isa = PBXFileReference; lastKnownFileType = sourcecode.swift; path = SourceSDKHostApp.swift; sourceTree = "<group>"; };
		8857211F85AC5AB14846C8E9 /* OpenIntelligence-Engine */ = {isa = PBXFileReference; lastKnownFileType = folder; name = "OpenIntelligence-Engine"; path = ../..; sourceTree = SOURCE_ROOT; };
		920D84D77CC408D8DD21091F /* SourceSDKHostTests.xctest */ = {isa = PBXFileReference; includeInIndex = 0; lastKnownFileType = wrapper.cfbundle; path = SourceSDKHostTests.xctest; sourceTree = BUILT_PRODUCTS_DIR; };
		E417846778C04ED7969809FE /* ContentView.swift */ = {isa = PBXFileReference; lastKnownFileType = sourcecode.swift; path = ContentView.swift; sourceTree = "<group>"; };
/* End PBXFileReference section */

/* Begin PBXFrameworksBuildPhase section */
		29797E0D87768CCCB06F6299 /* Frameworks */ = {
			isa = PBXFrameworksBuildPhase;
			buildActionMask = 2147483647;
			files = (
				6604EE27482BAF1473A3EFCF /* OpenIntelligenceEngine in Frameworks */,
			);
			runOnlyForDeploymentPostprocessing = 0;
		};
		FA13343B9FDB46E248BC93DA /* Frameworks */ = {
			isa = PBXFrameworksBuildPhase;
			buildActionMask = 2147483647;
			files = (
				8ADAD8DC6631D152288F4D50 /* OpenIntelligenceEngine in Frameworks */,
			);
			runOnlyForDeploymentPostprocessing = 0;
		};
/* End PBXFrameworksBuildPhase section */

/* Begin PBXGroup section */
		12448396D2753886DF362862 /* Packages */ = {
			isa = PBXGroup;
			children = (
				8857211F85AC5AB14846C8E9 /* OpenIntelligence-Engine */,
			);
			name = Packages;
			sourceTree = "<group>";
		};
		24AC9CFB7D3477AC34E1A6F5 = {
			isa = PBXGroup;
			children = (
				0BD3D54A79DB4B4B259097D4 /* DemoAssets */,
				12448396D2753886DF362862 /* Packages */,
				A25AA5BE3F7D31914B92B0C1 /* SourceSDKHost */,
				A244993E045CACB3254EAAF6 /* SourceSDKHostTests */,
				3105AFA9A29D11F2922DC85B /* Products */,
			);
			sourceTree = "<group>";
		};
		3105AFA9A29D11F2922DC85B /* Products */ = {
			isa = PBXGroup;
			children = (
				293AD799F67DD9FE67115D76 /* SourceSDKHost.app */,
				920D84D77CC408D8DD21091F /* SourceSDKHostTests.xctest */,
			);
			name = Products;
			sourceTree = "<group>";
		};
		A244993E045CACB3254EAAF6 /* SourceSDKHostTests */ = {
			isa = PBXGroup;
			children = (
				2B80EC8444BF7B4D8BBB7624 /* SourceSDKSmokeTests.swift */,
			);
			path = SourceSDKHostTests;
			sourceTree = "<group>";
		};
		A25AA5BE3F7D31914B92B0C1 /* SourceSDKHost */ = {
			isa = PBXGroup;
			children = (
				E417846778C04ED7969809FE /* ContentView.swift */,
				5DC548A3B96B7B1795409995 /* SourceSDKHostApp.swift */,
			);
			path = SourceSDKHost;
			sourceTree = "<group>";
		};
/* End PBXGroup section */

/* Begin PBXNativeTarget section */
		60237F876E12946CE27A25A9 /* SourceSDKHostTests */ = {
			isa = PBXNativeTarget;
			buildConfigurationList = 451901F726B755729EE77DF6 /* Build configuration list for PBXNativeTarget "SourceSDKHostTests" */;
			buildPhases = (
				18AC3EBC71C9D016F7F16D32 /* Sources */,
				29797E0D87768CCCB06F6299 /* Frameworks */,
			);
			buildRules = (
			);
			dependencies = (
				6B8146C362E210ACC241850B /* PBXTargetDependency */,
			);
			name = SourceSDKHostTests;
			packageProductDependencies = (
				70F298F9F21BDDBBC05931B2 /* OpenIntelligenceEngine */,
			);
			productName = SourceSDKHostTests;
			productReference = 920D84D77CC408D8DD21091F /* SourceSDKHostTests.xctest */;
			productType = "com.apple.product-type.bundle.unit-test";
		};
		EB4791C14CC29C29851997CF /* SourceSDKHost */ = {
			isa = PBXNativeTarget;
			buildConfigurationList = 00165122BBD656D8BD1A6F78 /* Build configuration list for PBXNativeTarget "SourceSDKHost" */;
			buildPhases = (
				3D69E7E275B2EE89A1EF68C9 /* Sources */,
				3086AEFEE19E6F05A4B3DB81 /* Resources */,
				FA13343B9FDB46E248BC93DA /* Frameworks */,
			);
			buildRules = (
			);
			dependencies = (
			);
			name = SourceSDKHost;
			packageProductDependencies = (
				711ABB390C48DE7A5B479C2C /* OpenIntelligenceEngine */,
			);
			productName = SourceSDKHost;
			productReference = 293AD799F67DD9FE67115D76 /* SourceSDKHost.app */;
			productType = "com.apple.product-type.application";
		};
/* End PBXNativeTarget section */

/* Begin PBXProject section */
		CE7DC2F6EDFD64501EF18C63 /* Project object */ = {
			isa = PBXProject;
			attributes = {
				BuildIndependentTargetsInParallel = YES;
				LastUpgradeCheck = 1430;
				TargetAttributes = {
					60237F876E12946CE27A25A9 = {
						DevelopmentTeam = Z3E334EXZD;
						ProvisioningStyle = Automatic;
					};
					EB4791C14CC29C29851997CF = {
						DevelopmentTeam = Z3E334EXZD;
						ProvisioningStyle = Automatic;
					};
				};
			};
			buildConfigurationList = 5C18E243B3F05E2B95660775 /* Build configuration list for PBXProject "SourceSDKHost" */;
			compatibilityVersion = "Xcode 14.0";
			developmentRegion = en;
			hasScannedForEncodings = 0;
			knownRegions = (
				Base,
				en,
			);
			mainGroup = 24AC9CFB7D3477AC34E1A6F5;
			minimizedProjectReferenceProxies = 1;
			packageReferences = (
				C1CA238B1751697A042FB3EB /* XCLocalSwiftPackageReference "../.." */,
			);
			preferredProjectObjectVersion = 77;
			projectDirPath = "";
			projectRoot = "";
			targets = (
				EB4791C14CC29C29851997CF /* SourceSDKHost */,
				60237F876E12946CE27A25A9 /* SourceSDKHostTests */,
			);
		};
/* End PBXProject section */

/* Begin PBXResourcesBuildPhase section */
		3086AEFEE19E6F05A4B3DB81 /* Resources */ = {
			isa = PBXResourcesBuildPhase;
			buildActionMask = 2147483647;
			files = (
				B8C548607C3A6DBDDECF10BC /* DemoAssets in Resources */,
			);
			runOnlyForDeploymentPostprocessing = 0;
		};
/* End PBXResourcesBuildPhase section */

/* Begin PBXSourcesBuildPhase section */
		18AC3EBC71C9D016F7F16D32 /* Sources */ = {
			isa = PBXSourcesBuildPhase;
			buildActionMask = 2147483647;
			files = (
				EE1CF3053119E55F4B2987BC /* SourceSDKSmokeTests.swift in Sources */,
			);
			runOnlyForDeploymentPostprocessing = 0;
		};
		3D69E7E275B2EE89A1EF68C9 /* Sources */ = {
			isa = PBXSourcesBuildPhase;
			buildActionMask = 2147483647;
			files = (
				5CCC3A5346F8B131A6D29450 /* ContentView.swift in Sources */,
				190A3C07DE336FE8CEE41C3A /* SourceSDKHostApp.swift in Sources */,
			);
			runOnlyForDeploymentPostprocessing = 0;
		};
/* End PBXSourcesBuildPhase section */

/* Begin PBXTargetDependency section */
		6B8146C362E210ACC241850B /* PBXTargetDependency */ = {
			isa = PBXTargetDependency;
			target = EB4791C14CC29C29851997CF /* SourceSDKHost */;
			targetProxy = E3E87BA7B11522E4571B20DF /* PBXContainerItemProxy */;
		};
/* End PBXTargetDependency section */

/* Begin XCBuildConfiguration section */
		0952CF13097329CDA9C65AAB /* Debug */ = {
			isa = XCBuildConfiguration;
			buildSettings = {
				ALWAYS_SEARCH_USER_PATHS = NO;
				CLANG_ANALYZER_NONNULL = YES;
				CLANG_ANALYZER_NUMBER_OBJECT_CONVERSION = YES_AGGRESSIVE;
				CLANG_CXX_LANGUAGE_STANDARD = "gnu++20";
				CLANG_CXX_LIBRARY = "libc++";
				CLANG_ENABLE_MODULES = YES;
				CLANG_ENABLE_OBJC_ARC = YES;
				CLANG_ENABLE_OBJC_WEAK = YES;
				CLANG_WARN_BLOCK_CAPTURE_AUTORELEASING = YES;
				CLANG_WARN_BOOL_CONVERSION = YES;
				CLANG_WARN_COMMA = YES;
				CLANG_WARN_CONSTANT_CONVERSION = YES;
				CLANG_WARN_DEPRECATED_OBJC_IMPLEMENTATIONS = YES;
				CLANG_WARN_DIRECT_OBJC_ISA_USAGE = YES_ERROR;
				CLANG_WARN_DOCUMENTATION_COMMENTS = YES;
				CLANG_WARN_EMPTY_BODY = YES;
				CLANG_WARN_ENUM_CONVERSION = YES;
				CLANG_WARN_INFINITE_RECURSION = YES;
				CLANG_WARN_INT_CONVERSION = YES;
				CLANG_WARN_NON_LITERAL_NULL_CONVERSION = YES;
				CLANG_WARN_OBJC_IMPLICIT_RETAIN_SELF = YES;
				CLANG_WARN_OBJC_LITERAL_CONVERSION = YES;
				CLANG_WARN_OBJC_ROOT_CLASS = YES_ERROR;
				CLANG_WARN_QUOTED_INCLUDE_IN_FRAMEWORK_HEADER = YES;
				CLANG_WARN_RANGE_LOOP_ANALYSIS = YES;
				CLANG_WARN_STRICT_PROTOTYPES = YES;
				CLANG_WARN_SUSPICIOUS_MOVE = YES;
				CLANG_WARN_UNGUARDED_AVAILABILITY = YES_AGGRESSIVE;
				CLANG_WARN_UNREACHABLE_CODE = YES;
				CLANG_WARN__DUPLICATE_METHOD_MATCH = YES;
				CODE_SIGN_STYLE = Automatic;
				COPY_PHASE_STRIP = NO;
				CURRENT_PROJECT_VERSION = 1;
				DEBUG_INFORMATION_FORMAT = dwarf;
				DEVELOPMENT_TEAM = Z3E334EXZD;
				ENABLE_STRICT_OBJC_MSGSEND = YES;
				ENABLE_TESTABILITY = YES;
				GCC_C_LANGUAGE_STANDARD = gnu11;
				GCC_DYNAMIC_NO_PIC = NO;
				GCC_NO_COMMON_BLOCKS = YES;
				GCC_OPTIMIZATION_LEVEL = 0;
				GCC_PREPROCESSOR_DEFINITIONS = (
					"$(inherited)",
					"DEBUG=1",
				);
				GCC_WARN_64_TO_32_BIT_CONVERSION = YES;
				GCC_WARN_ABOUT_RETURN_TYPE = YES_ERROR;
				GCC_WARN_UNDECLARED_SELECTOR = YES;
				GCC_WARN_UNINITIALIZED_AUTOS = YES_AGGRESSIVE;
				GCC_WARN_UNUSED_FUNCTION = YES;
				GCC_WARN_UNUSED_VARIABLE = YES;
				GENERATE_INFOPLIST_FILE = YES;
				INFOPLIST_KEY_CFBundleDisplayName = "Source SDK Host";
				INFOPLIST_KEY_UIApplicationSceneManifest_Generation = YES;
				INFOPLIST_KEY_UIApplicationSupportsIndirectInputEvents = YES;
				INFOPLIST_KEY_UILaunchScreen_Generation = YES;
				INFOPLIST_KEY_UISupportedInterfaceOrientations_iPad = (
					UIInterfaceOrientationPortrait,
					UIInterfaceOrientationPortraitUpsideDown,
					UIInterfaceOrientationLandscapeLeft,
					UIInterfaceOrientationLandscapeRight,
				);
				INFOPLIST_KEY_UISupportedInterfaceOrientations_iPhone = (
					UIInterfaceOrientationPortrait,
					UIInterfaceOrientationPortraitUpsideDown,
					UIInterfaceOrientationLandscapeLeft,
					UIInterfaceOrientationLandscapeRight,
				);
				MARKETING_VERSION = 0.1.0;
				MTL_ENABLE_DEBUG_INFO = INCLUDE_SOURCE;
				MTL_FAST_MATH = YES;
				ONLY_ACTIVE_ARCH = YES;
				OTHER_SWIFT_FLAGS = (
					"$(inherited)",
					"-cxx-interoperability-mode=default",
				);
				PRODUCT_BUNDLE_IDENTIFIER = Gunndamental.SourceSDKHost;
				PRODUCT_NAME = "$(TARGET_NAME)";
				SDKROOT = iphoneos;
				SWIFT_ACTIVE_COMPILATION_CONDITIONS = DEBUG;
				SWIFT_OPTIMIZATION_LEVEL = "-Onone";
				SWIFT_VERSION = 5.0;
				TARGETED_DEVICE_FAMILY = "1,2";
			};
			name = Debug;
		};
		280219E69B0F7939F308391B /* Release */ = {
			isa = XCBuildConfiguration;
			buildSettings = {
				ALWAYS_SEARCH_USER_PATHS = NO;
				CLANG_ANALYZER_NONNULL = YES;
				CLANG_ANALYZER_NUMBER_OBJECT_CONVERSION = YES_AGGRESSIVE;
				CLANG_CXX_LANGUAGE_STANDARD = "gnu++20";
				CLANG_CXX_LIBRARY = "libc++";
				CLANG_ENABLE_MODULES = YES;
				CLANG_ENABLE_OBJC_ARC = YES;
				CLANG_ENABLE_OBJC_WEAK = YES;
				CLANG_WARN_BLOCK_CAPTURE_AUTORELEASING = YES;
				CLANG_WARN_BOOL_CONVERSION = YES;
				CLANG_WARN_COMMA = YES;
				CLANG_WARN_CONSTANT_CONVERSION = YES;
				CLANG_WARN_DEPRECATED_OBJC_IMPLEMENTATIONS = YES;
				CLANG_WARN_DIRECT_OBJC_ISA_USAGE = YES_ERROR;
				CLANG_WARN_DOCUMENTATION_COMMENTS = YES;
				CLANG_WARN_EMPTY_BODY = YES;
				CLANG_WARN_ENUM_CONVERSION = YES;
				CLANG_WARN_INFINITE_RECURSION = YES;
				CLANG_WARN_INT_CONVERSION = YES;
				CLANG_WARN_NON_LITERAL_NULL_CONVERSION = YES;
				CLANG_WARN_OBJC_IMPLICIT_RETAIN_SELF = YES;
				CLANG_WARN_OBJC_LITERAL_CONVERSION = YES;
				CLANG_WARN_OBJC_ROOT_CLASS = YES_ERROR;
				CLANG_WARN_QUOTED_INCLUDE_IN_FRAMEWORK_HEADER = YES;
				CLANG_WARN_RANGE_LOOP_ANALYSIS = YES;
				CLANG_WARN_STRICT_PROTOTYPES = YES;
				CLANG_WARN_SUSPICIOUS_MOVE = YES;
				CLANG_WARN_UNGUARDED_AVAILABILITY = YES_AGGRESSIVE;
				CLANG_WARN_UNREACHABLE_CODE = YES;
				CLANG_WARN__DUPLICATE_METHOD_MATCH = YES;
				CODE_SIGN_STYLE = Automatic;
				COPY_PHASE_STRIP = NO;
				CURRENT_PROJECT_VERSION = 1;
				DEBUG_INFORMATION_FORMAT = "dwarf-with-dsym";
				DEVELOPMENT_TEAM = Z3E334EXZD;
				ENABLE_NS_ASSERTIONS = NO;
				ENABLE_STRICT_OBJC_MSGSEND = YES;
				GCC_C_LANGUAGE_STANDARD = gnu11;
				GCC_NO_COMMON_BLOCKS = YES;
				GCC_WARN_64_TO_32_BIT_CONVERSION = YES;
				GCC_WARN_ABOUT_RETURN_TYPE = YES_ERROR;
				GCC_WARN_UNDECLARED_SELECTOR = YES;
				GCC_WARN_UNINITIALIZED_AUTOS = YES_AGGRESSIVE;
				GCC_WARN_UNUSED_FUNCTION = YES;
				GCC_WARN_UNUSED_VARIABLE = YES;
				GENERATE_INFOPLIST_FILE = YES;
				INFOPLIST_KEY_CFBundleDisplayName = "Source SDK Host";
				INFOPLIST_KEY_UIApplicationSceneManifest_Generation = YES;
				INFOPLIST_KEY_UIApplicationSupportsIndirectInputEvents = YES;
				INFOPLIST_KEY_UILaunchScreen_Generation = YES;
				INFOPLIST_KEY_UISupportedInterfaceOrientations_iPad = (
					UIInterfaceOrientationPortrait,
					UIInterfaceOrientationPortraitUpsideDown,
					UIInterfaceOrientationLandscapeLeft,
					UIInterfaceOrientationLandscapeRight,
				);
				INFOPLIST_KEY_UISupportedInterfaceOrientations_iPhone = (
					UIInterfaceOrientationPortrait,
					UIInterfaceOrientationPortraitUpsideDown,
					UIInterfaceOrientationLandscapeLeft,
					UIInterfaceOrientationLandscapeRight,
				);
				MARKETING_VERSION = 0.1.0;
				MTL_ENABLE_DEBUG_INFO = NO;
				MTL_FAST_MATH = YES;
				OTHER_SWIFT_FLAGS = (
					"$(inherited)",
					"-cxx-interoperability-mode=default",
				);
				PRODUCT_BUNDLE_IDENTIFIER = Gunndamental.SourceSDKHost;
				PRODUCT_NAME = "$(TARGET_NAME)";
				SDKROOT = iphoneos;
				SWIFT_COMPILATION_MODE = wholemodule;
				SWIFT_OPTIMIZATION_LEVEL = "-O";
				SWIFT_VERSION = 5.0;
				TARGETED_DEVICE_FAMILY = "1,2";
			};
			name = Release;
		};
		98DE784C925167AAA2FD32CA /* Debug */ = {
			isa = XCBuildConfiguration;
			buildSettings = {
				ASSETCATALOG_COMPILER_APPICON_NAME = AppIcon;
				CODE_SIGN_IDENTITY = "iPhone Developer";
				IPHONEOS_DEPLOYMENT_TARGET = 26.0;
				LD_RUNPATH_SEARCH_PATHS = (
					"$(inherited)",
					"@executable_path/Frameworks",
				);
				SDKROOT = iphoneos;
				TARGETED_DEVICE_FAMILY = "1,2";
			};
			name = Debug;
		};
		ACC1B785EA95616EFDC80833 /* Debug */ = {
			isa = XCBuildConfiguration;
			buildSettings = {
				BUNDLE_LOADER = "$(TEST_HOST)";
				IPHONEOS_DEPLOYMENT_TARGET = 26.0;
				LD_RUNPATH_SEARCH_PATHS = (
					"$(inherited)",
					"@executable_path/Frameworks",
					"@loader_path/Frameworks",
				);
				SDKROOT = iphoneos;
				TARGETED_DEVICE_FAMILY = "1,2";
				TEST_HOST = "$(BUILT_PRODUCTS_DIR)/SourceSDKHost.app/SourceSDKHost";
			};
			name = Debug;
		};
		B85E0A601C67574EE9A4D5D2 /* Release */ = {
			isa = XCBuildConfiguration;
			buildSettings = {
				BUNDLE_LOADER = "$(TEST_HOST)";
				IPHONEOS_DEPLOYMENT_TARGET = 26.0;
				LD_RUNPATH_SEARCH_PATHS = (
					"$(inherited)",
					"@executable_path/Frameworks",
					"@loader_path/Frameworks",
				);
				SDKROOT = iphoneos;
				TARGETED_DEVICE_FAMILY = "1,2";
				TEST_HOST = "$(BUILT_PRODUCTS_DIR)/SourceSDKHost.app/SourceSDKHost";
			};
			name = Release;
		};
		CF68FCF543C6C9F2C30251CD /* Release */ = {
			isa = XCBuildConfiguration;
			buildSettings = {
				ASSETCATALOG_COMPILER_APPICON_NAME = AppIcon;
				CODE_SIGN_IDENTITY = "iPhone Developer";
				IPHONEOS_DEPLOYMENT_TARGET = 26.0;
				LD_RUNPATH_SEARCH_PATHS = (
					"$(inherited)",
					"@executable_path/Frameworks",
				);
				SDKROOT = iphoneos;
				TARGETED_DEVICE_FAMILY = "1,2";
			};
			name = Release;
		};
/* End XCBuildConfiguration section */

/* Begin XCConfigurationList section */
		00165122BBD656D8BD1A6F78 /* Build configuration list for PBXNativeTarget "SourceSDKHost" */ = {
			isa = XCConfigurationList;
			buildConfigurations = (
				98DE784C925167AAA2FD32CA /* Debug */,
				CF68FCF543C6C9F2C30251CD /* Release */,
			);
			defaultConfigurationIsVisible = 0;
			defaultConfigurationName = Debug;
		};
		451901F726B755729EE77DF6 /* Build configuration list for PBXNativeTarget "SourceSDKHostTests" */ = {
			isa = XCConfigurationList;
			buildConfigurations = (
				ACC1B785EA95616EFDC80833 /* Debug */,
				B85E0A601C67574EE9A4D5D2 /* Release */,
			);
			defaultConfigurationIsVisible = 0;
			defaultConfigurationName = Debug;
		};
		5C18E243B3F05E2B95660775 /* Build configuration list for PBXProject "SourceSDKHost" */ = {
			isa = XCConfigurationList;
			buildConfigurations = (
				0952CF13097329CDA9C65AAB /* Debug */,
				280219E69B0F7939F308391B /* Release */,
			);
			defaultConfigurationIsVisible = 0;
			defaultConfigurationName = Debug;
		};
/* End XCConfigurationList section */

/* Begin XCLocalSwiftPackageReference section */
		C1CA238B1751697A042FB3EB /* XCLocalSwiftPackageReference "../.." */ = {
			isa = XCLocalSwiftPackageReference;
			relativePath = ../..;
		};
/* End XCLocalSwiftPackageReference section */

/* Begin XCSwiftPackageProductDependency section */
		70F298F9F21BDDBBC05931B2 /* OpenIntelligenceEngine */ = {
			isa = XCSwiftPackageProductDependency;
			productName = OpenIntelligenceEngine;
		};
		711ABB390C48DE7A5B479C2C /* OpenIntelligenceEngine */ = {
			isa = XCSwiftPackageProductDependency;
			productName = OpenIntelligenceEngine;
		};
/* End XCSwiftPackageProductDependency section */
	};
	rootObject = CE7DC2F6EDFD64501EF18C63 /* Project object */;
}
