// !$*UTF8*$!
{
	archiveVersion = 1;
	classes = {
	};
	objectVersion = 77;
	objects = {

/* Begin PBXBuildFile section */
		0639890D92DAE9E266899A47 /* OpenIntelligenceEngine.xcframework in Frameworks */ = {isa = PBXBuildFile; fileRef = 392120C9B8C2319DD08D6FAF /* OpenIntelligenceEngine.xcframework */; };
		4BD7065E06494F651419FC93 /* EngineEvaluationHostApp.swift in Sources */ = {isa = PBXBuildFile; fileRef = 63F069704A0866F6BA967BEE /* EngineEvaluationHostApp.swift */; };
		C0D06C48941413CF2D7A9C51 /* ContentView.swift in Sources */ = {isa = PBXBuildFile; fileRef = 544DD34C2C75B262050D4DDB /* ContentView.swift */; };
		C34669397E34124ABF5840AC /* OpenIntelligenceEngine.xcframework in Embed Frameworks */ = {isa = PBXBuildFile; fileRef = 392120C9B8C2319DD08D6FAF /* OpenIntelligenceEngine.xcframework */; settings = {ATTRIBUTES = (CodeSignOnCopy, RemoveHeadersOnCopy, ); }; };
/* End PBXBuildFile section */

/* Begin PBXCopyFilesBuildPhase section */
		5D0BFE01D29A1C7B79F4C75A /* Embed Frameworks */ = {
			isa = PBXCopyFilesBuildPhase;
			buildActionMask = 2147483647;
			dstPath = "";
			dstSubfolderSpec = 10;
			files = (
				C34669397E34124ABF5840AC /* OpenIntelligenceEngine.xcframework in Embed Frameworks */,
			);
			name = "Embed Frameworks";
			runOnlyForDeploymentPostprocessing = 0;
		};
/* End PBXCopyFilesBuildPhase section */

/* Begin PBXFileReference section */
		01EC8E74CB5EBBF2E9D63E48 /* EngineEvaluationHost.app */ = {isa = PBXFileReference; includeInIndex = 0; lastKnownFileType = wrapper.application; path = EngineEvaluationHost.app; sourceTree = BUILT_PRODUCTS_DIR; };
		392120C9B8C2319DD08D6FAF /* OpenIntelligenceEngine.xcframework */ = {isa = PBXFileReference; lastKnownFileType = wrapper.xcframework; name = OpenIntelligenceEngine.xcframework; path = "../../output/OpenIntelligence-SDK-Package/OpenIntelligenceEngine.xcframework"; sourceTree = "<group>"; };
		544DD34C2C75B262050D4DDB /* ContentView.swift */ = {isa = PBXFileReference; lastKnownFileType = sourcecode.swift; path = ContentView.swift; sourceTree = "<group>"; };
		63F069704A0866F6BA967BEE /* EngineEvaluationHostApp.swift */ = {isa = PBXFileReference; lastKnownFileType = sourcecode.swift; path = EngineEvaluationHostApp.swift; sourceTree = "<group>"; };
/* End PBXFileReference section */

/* Begin PBXFrameworksBuildPhase section */
		8113A9612E2E52EAE6CC840F /* Frameworks */ = {
			isa = PBXFrameworksBuildPhase;
			buildActionMask = 2147483647;
			files = (
				0639890D92DAE9E266899A47 /* OpenIntelligenceEngine.xcframework in Frameworks */,
			);
			runOnlyForDeploymentPostprocessing = 0;
		};
/* End PBXFrameworksBuildPhase section */

/* Begin PBXGroup section */
		2798A941ADD215119E234E95 /* Products */ = {
			isa = PBXGroup;
			children = (
				01EC8E74CB5EBBF2E9D63E48 /* EngineEvaluationHost.app */,
			);
			name = Products;
			sourceTree = "<group>";
		};
		51B46B601E70C5146D094A22 /* EngineEvaluationHost */ = {
			isa = PBXGroup;
			children = (
				544DD34C2C75B262050D4DDB /* ContentView.swift */,
				63F069704A0866F6BA967BEE /* EngineEvaluationHostApp.swift */,
			);
			path = EngineEvaluationHost;
			sourceTree = "<group>";
		};
		6D59BEE6A31B7F6F0FB11797 = {
			isa = PBXGroup;
			children = (
				51B46B601E70C5146D094A22 /* EngineEvaluationHost */,
				EF89B50777E3DA56824345D9 /* Frameworks */,
				2798A941ADD215119E234E95 /* Products */,
			);
			sourceTree = "<group>";
		};
		EF89B50777E3DA56824345D9 /* Frameworks */ = {
			isa = PBXGroup;
			children = (
				392120C9B8C2319DD08D6FAF /* OpenIntelligenceEngine.xcframework */,
			);
			name = Frameworks;
			sourceTree = "<group>";
		};
/* End PBXGroup section */

/* Begin PBXNativeTarget section */
		FB560296D60C8714CB5F95C5 /* EngineEvaluationHost */ = {
			isa = PBXNativeTarget;
			buildConfigurationList = 805AD41DCF17C8A9A0BFA49E /* Build configuration list for PBXNativeTarget "EngineEvaluationHost" */;
			buildPhases = (
				15AC6522A35C2E97434E9740 /* Sources */,
				8113A9612E2E52EAE6CC840F /* Frameworks */,
				5D0BFE01D29A1C7B79F4C75A /* Embed Frameworks */,
			);
			buildRules = (
			);
			dependencies = (
			);
			name = EngineEvaluationHost;
			packageProductDependencies = (
			);
			productName = EngineEvaluationHost;
			productReference = 01EC8E74CB5EBBF2E9D63E48 /* EngineEvaluationHost.app */;
			productType = "com.apple.product-type.application";
		};
/* End PBXNativeTarget section */

/* Begin PBXProject section */
		86176DDF39F6B50EB7B091A8 /* Project object */ = {
			isa = PBXProject;
			attributes = {
				BuildIndependentTargetsInParallel = YES;
				LastUpgradeCheck = 1430;
				TargetAttributes = {
					FB560296D60C8714CB5F95C5 = {
						DevelopmentTeam = Z3E334EXZD;
						ProvisioningStyle = Automatic;
					};
				};
			};
			buildConfigurationList = 91FDBA98474CC20F54F860A0 /* Build configuration list for PBXProject "EngineEvaluationHost" */;
			compatibilityVersion = "Xcode 14.0";
			developmentRegion = en;
			hasScannedForEncodings = 0;
			knownRegions = (
				Base,
				en,
			);
			mainGroup = 6D59BEE6A31B7F6F0FB11797;
			minimizedProjectReferenceProxies = 1;
			preferredProjectObjectVersion = 77;
			projectDirPath = "";
			projectRoot = "";
			targets = (
				FB560296D60C8714CB5F95C5 /* EngineEvaluationHost */,
			);
		};
/* End PBXProject section */

/* Begin PBXSourcesBuildPhase section */
		15AC6522A35C2E97434E9740 /* Sources */ = {
			isa = PBXSourcesBuildPhase;
			buildActionMask = 2147483647;
			files = (
				C0D06C48941413CF2D7A9C51 /* ContentView.swift in Sources */,
				4BD7065E06494F651419FC93 /* EngineEvaluationHostApp.swift in Sources */,
			);
			runOnlyForDeploymentPostprocessing = 0;
		};
/* End PBXSourcesBuildPhase section */

/* Begin XCBuildConfiguration section */
		0FF3B8E300785C88A885CD7D /* Debug */ = {
			isa = XCBuildConfiguration;
			buildSettings = {
				ASSETCATALOG_COMPILER_APPICON_NAME = AppIcon;
				CODE_SIGN_IDENTITY = "iPhone Developer";
				FRAMEWORK_SEARCH_PATHS = (
					"$(inherited)",
					"\"../../output/OpenIntelligence-SDK-Package\"",
				);
				IPHONEOS_DEPLOYMENT_TARGET = 26.0;
				LD_RUNPATH_SEARCH_PATHS = (
					"$(inherited)",
					"@executable_path/Frameworks",
				);
				SDKROOT = iphoneos;
				TARGETED_DEVICE_FAMILY = "1,2";
			};
			name = Debug;
		};
		A6B43F01BA64ED677CFEE63E /* Release */ = {
			isa = XCBuildConfiguration;
			buildSettings = {
				ASSETCATALOG_COMPILER_APPICON_NAME = AppIcon;
				CODE_SIGN_IDENTITY = "iPhone Developer";
				FRAMEWORK_SEARCH_PATHS = (
					"$(inherited)",
					"\"../../output/OpenIntelligence-SDK-Package\"",
				);
				IPHONEOS_DEPLOYMENT_TARGET = 26.0;
				LD_RUNPATH_SEARCH_PATHS = (
					"$(inherited)",
					"@executable_path/Frameworks",
				);
				SDKROOT = iphoneos;
				TARGETED_DEVICE_FAMILY = "1,2";
			};
			name = Release;
		};
		CC244CB60F8D01634E26E2DC /* Debug */ = {
			isa = XCBuildConfiguration;
			buildSettings = {
				ALWAYS_SEARCH_USER_PATHS = NO;
				CLANG_ANALYZER_NONNULL = YES;
				CLANG_ANALYZER_NUMBER_OBJECT_CONVERSION = YES_AGGRESSIVE;
				CLANG_CXX_LANGUAGE_STANDARD = "gnu++20";
				CLANG_CXX_LIBRARY = "libc++";
				CLANG_ENABLE_MODULES = YES;
				CLANG_ENABLE_OBJC_ARC = YES;
				CLANG_ENABLE_OBJC_WEAK = YES;
				CLANG_WARN_BLOCK_CAPTURE_AUTORELEASING = YES;
				CLANG_WARN_BOOL_CONVERSION = YES;
				CLANG_WARN_COMMA = YES;
				CLANG_WARN_CONSTANT_CONVERSION = YES;
				CLANG_WARN_DEPRECATED_OBJC_IMPLEMENTATIONS = YES;
				CLANG_WARN_DIRECT_OBJC_ISA_USAGE = YES_ERROR;
				CLANG_WARN_DOCUMENTATION_COMMENTS = YES;
				CLANG_WARN_EMPTY_BODY = YES;
				CLANG_WARN_ENUM_CONVERSION = YES;
				CLANG_WARN_INFINITE_RECURSION = YES;
				CLANG_WARN_INT_CONVERSION = YES;
				CLANG_WARN_NON_LITERAL_NULL_CONVERSION = YES;
				CLANG_WARN_OBJC_IMPLICIT_RETAIN_SELF = YES;
				CLANG_WARN_OBJC_LITERAL_CONVERSION = YES;
				CLANG_WARN_OBJC_ROOT_CLASS = YES_ERROR;
				CLANG_WARN_QUOTED_INCLUDE_IN_FRAMEWORK_HEADER = YES;
				CLANG_WARN_RANGE_LOOP_ANALYSIS = YES;
				CLANG_WARN_STRICT_PROTOTYPES = YES;
				CLANG_WARN_SUSPICIOUS_MOVE = YES;
				CLANG_WARN_UNGUARDED_AVAILABILITY = YES_AGGRESSIVE;
				CLANG_WARN_UNREACHABLE_CODE = YES;
				CLANG_WARN__DUPLICATE_METHOD_MATCH = YES;
				CODE_SIGN_STYLE = Automatic;
				COPY_PHASE_STRIP = NO;
				CURRENT_PROJECT_VERSION = 1;
				DEBUG_INFORMATION_FORMAT = dwarf;
				DEVELOPMENT_TEAM = Z3E334EXZD;
				ENABLE_STRICT_OBJC_MSGSEND = YES;
				ENABLE_TESTABILITY = YES;
				FRAMEWORK_SEARCH_PATHS = (
					"$(inherited)",
					"../../output/OpenIntelligence-SDK-Package",
					"../../output/OpenIntelligence-SDK-Package/build/evaluation/DerivedData/Build/Intermediates.noindex/ArchiveIntermediates/OpenIntelligenceEngine/BuildProductsPath/Release-iphonesimulator",
				);
				GCC_C_LANGUAGE_STANDARD = gnu11;
				GCC_DYNAMIC_NO_PIC = NO;
				GCC_NO_COMMON_BLOCKS = YES;
				GCC_OPTIMIZATION_LEVEL = 0;
				GCC_PREPROCESSOR_DEFINITIONS = (
					"$(inherited)",
					"DEBUG=1",
				);
				GCC_WARN_64_TO_32_BIT_CONVERSION = YES;
				GCC_WARN_ABOUT_RETURN_TYPE = YES_ERROR;
				GCC_WARN_UNDECLARED_SELECTOR = YES;
				GCC_WARN_UNINITIALIZED_AUTOS = YES_AGGRESSIVE;
				GCC_WARN_UNUSED_FUNCTION = YES;
				GCC_WARN_UNUSED_VARIABLE = YES;
				GENERATE_INFOPLIST_FILE = YES;
				INFOPLIST_KEY_CFBundleDisplayName = "Engine Evaluation Host";
				INFOPLIST_KEY_UIApplicationSceneManifest_Generation = YES;
				INFOPLIST_KEY_UIApplicationSupportsIndirectInputEvents = YES;
				INFOPLIST_KEY_UILaunchScreen_Generation = YES;
				MARKETING_VERSION = 0.1.0;
				MTL_ENABLE_DEBUG_INFO = INCLUDE_SOURCE;
				MTL_FAST_MATH = YES;
				ONLY_ACTIVE_ARCH = YES;
				OTHER_SWIFT_FLAGS = (
					"$(inherited)",
					"-cxx-interoperability-mode=default",
				);
				PRODUCT_BUNDLE_IDENTIFIER = Gunndamental.EngineEvaluationHost;
				PRODUCT_NAME = "$(TARGET_NAME)";
				SDKROOT = iphoneos;
				SWIFT_ACTIVE_COMPILATION_CONDITIONS = DEBUG;
				SWIFT_INCLUDE_PATHS = (
					"$(inherited)",
					"../../output/OpenIntelligence-SDK-Package/build/evaluation/DerivedData/Build/Intermediates.noindex/ArchiveIntermediates/OpenIntelligenceEngine/BuildProductsPath/Release-iphonesimulator",
				);
				SWIFT_OPTIMIZATION_LEVEL = "-Onone";
				SWIFT_VERSION = 5.0;
				TARGETED_DEVICE_FAMILY = "1,2";
			};
			name = Debug;
		};
		DE7A4645AFE7D0E64B833DFD /* Release */ = {
			isa = XCBuildConfiguration;
			buildSettings = {
				ALWAYS_SEARCH_USER_PATHS = NO;
				CLANG_ANALYZER_NONNULL = YES;
				CLANG_ANALYZER_NUMBER_OBJECT_CONVERSION = YES_AGGRESSIVE;
				CLANG_CXX_LANGUAGE_STANDARD = "gnu++20";
				CLANG_CXX_LIBRARY = "libc++";
				CLANG_ENABLE_MODULES = YES;
				CLANG_ENABLE_OBJC_ARC = YES;
				CLANG_ENABLE_OBJC_WEAK = YES;
				CLANG_WARN_BLOCK_CAPTURE_AUTORELEASING = YES;
				CLANG_WARN_BOOL_CONVERSION = YES;
				CLANG_WARN_COMMA = YES;
				CLANG_WARN_CONSTANT_CONVERSION = YES;
				CLANG_WARN_DEPRECATED_OBJC_IMPLEMENTATIONS = YES;
				CLANG_WARN_DIRECT_OBJC_ISA_USAGE = YES_ERROR;
				CLANG_WARN_DOCUMENTATION_COMMENTS = YES;
				CLANG_WARN_EMPTY_BODY = YES;
				CLANG_WARN_ENUM_CONVERSION = YES;
				CLANG_WARN_INFINITE_RECURSION = YES;
				CLANG_WARN_INT_CONVERSION = YES;
				CLANG_WARN_NON_LITERAL_NULL_CONVERSION = YES;
				CLANG_WARN_OBJC_IMPLICIT_RETAIN_SELF = YES;
				CLANG_WARN_OBJC_LITERAL_CONVERSION = YES;
				CLANG_WARN_OBJC_ROOT_CLASS = YES_ERROR;
				CLANG_WARN_QUOTED_INCLUDE_IN_FRAMEWORK_HEADER = YES;
				CLANG_WARN_RANGE_LOOP_ANALYSIS = YES;
				CLANG_WARN_STRICT_PROTOTYPES = YES;
				CLANG_WARN_SUSPICIOUS_MOVE = YES;
				CLANG_WARN_UNGUARDED_AVAILABILITY = YES_AGGRESSIVE;
				CLANG_WARN_UNREACHABLE_CODE = YES;
				CLANG_WARN__DUPLICATE_METHOD_MATCH = YES;
				CODE_SIGN_STYLE = Automatic;
				COPY_PHASE_STRIP = NO;
				CURRENT_PROJECT_VERSION = 1;
				DEBUG_INFORMATION_FORMAT = "dwarf-with-dsym";
				DEVELOPMENT_TEAM = Z3E334EXZD;
				ENABLE_NS_ASSERTIONS = NO;
				ENABLE_STRICT_OBJC_MSGSEND = YES;
				FRAMEWORK_SEARCH_PATHS = (
					"$(inherited)",
					"../../output/OpenIntelligence-SDK-Package",
					"../../output/OpenIntelligence-SDK-Package/build/evaluation/DerivedData/Build/Intermediates.noindex/ArchiveIntermediates/OpenIntelligenceEngine/BuildProductsPath/Release-iphonesimulator",
				);
				GCC_C_LANGUAGE_STANDARD = gnu11;
				GCC_NO_COMMON_BLOCKS = YES;
				GCC_WARN_64_TO_32_BIT_CONVERSION = YES;
				GCC_WARN_ABOUT_RETURN_TYPE = YES_ERROR;
				GCC_WARN_UNDECLARED_SELECTOR = YES;
				GCC_WARN_UNINITIALIZED_AUTOS = YES_AGGRESSIVE;
				GCC_WARN_UNUSED_FUNCTION = YES;
				GCC_WARN_UNUSED_VARIABLE = YES;
				GENERATE_INFOPLIST_FILE = YES;
				INFOPLIST_KEY_CFBundleDisplayName = "Engine Evaluation Host";
				INFOPLIST_KEY_UIApplicationSceneManifest_Generation = YES;
				INFOPLIST_KEY_UIApplicationSupportsIndirectInputEvents = YES;
				INFOPLIST_KEY_UILaunchScreen_Generation = YES;
				MARKETING_VERSION = 0.1.0;
				MTL_ENABLE_DEBUG_INFO = NO;
				MTL_FAST_MATH = YES;
				OTHER_SWIFT_FLAGS = (
					"$(inherited)",
					"-cxx-interoperability-mode=default",
				);
				PRODUCT_BUNDLE_IDENTIFIER = Gunndamental.EngineEvaluationHost;
				PRODUCT_NAME = "$(TARGET_NAME)";
				SDKROOT = iphoneos;
				SWIFT_COMPILATION_MODE = wholemodule;
				SWIFT_INCLUDE_PATHS = (
					"$(inherited)",
					"../../output/OpenIntelligence-SDK-Package/build/evaluation/DerivedData/Build/Intermediates.noindex/ArchiveIntermediates/OpenIntelligenceEngine/BuildProductsPath/Release-iphonesimulator",
				);
				SWIFT_OPTIMIZATION_LEVEL = "-O";
				SWIFT_VERSION = 5.0;
				TARGETED_DEVICE_FAMILY = "1,2";
			};
			name = Release;
		};
/* End XCBuildConfiguration section */

/* Begin XCConfigurationList section */
		805AD41DCF17C8A9A0BFA49E /* Build configuration list for PBXNativeTarget "EngineEvaluationHost" */ = {
			isa = XCConfigurationList;
			buildConfigurations = (
				0FF3B8E300785C88A885CD7D /* Debug */,
				A6B43F01BA64ED677CFEE63E /* Release */,
			);
			defaultConfigurationIsVisible = 0;
			defaultConfigurationName = Debug;
		};
		91FDBA98474CC20F54F860A0 /* Build configuration list for PBXProject "EngineEvaluationHost" */ = {
			isa = XCConfigurationList;
			buildConfigurations = (
				CC244CB60F8D01634E26E2DC /* Debug */,
				DE7A4645AFE7D0E64B833DFD /* Release */,
			);
			defaultConfigurationIsVisible = 0;
			defaultConfigurationName = Debug;
		};
/* End XCConfigurationList section */
	};
	rootObject = 86176DDF39F6B50EB7B091A8 /* Project object */;
}
